
Microsoft Visual Studio Solution File, Format Version 12.00
# Visual Studio 2013
VisualStudioVersion = 12.0.21005.1
MinimumVisualStudioVersion = 10.0.40219.1
Project("{FAE04EC0-301F-11D3-BF4B-00C04F79EFBC}") = "AMS", "AMS\AMS.csproj", "{2667D54D-0EDC-4429-A56F-673A74A96AA1}"
EndProject
Project("{FAE04EC0-301F-11D3-BF4B-00C04F79EFBC}") = "AMS.Tests", "AMS.Tests\AMS.Tests.csproj", "{AB389EBD-DE62-4107-BC39-11D7D1DF58B6}"
EndProject
Global
	GlobalSection(SolutionConfigurationPlatforms) = preSolution
		Debug|Any CPU = Debug|Any CPU
		Release|Any CPU = Release|Any CPU
	EndGlobalSection
	GlobalSection(ProjectConfigurationPlatforms) = postSolution
		{2667D54D-0EDC-4429-A56F-673A74A96AA1}.Debug|Any CPU.ActiveCfg = Debug|Any CPU
		{2667D54D-0EDC-4429-A56F-673A74A96AA1}.Debug|Any CPU.Build.0 = Debug|Any CPU
		{2667D54D-0EDC-4429-A56F-673A74A96AA1}.Release|Any CPU.ActiveCfg = Release|Any CPU
		{2667D54D-0EDC-4429-A56F-673A74A96AA1}.Release|Any CPU.Build.0 = Release|Any CPU
		{AB389EBD-DE62-4107-BC39-11D7D1DF58B6}.Debug|Any CPU.ActiveCfg = Debug|Any CPU
		{AB389EBD-DE62-4107-BC39-11D7D1DF58B6}.Debug|Any CPU.Build.0 = Debug|Any CPU
		{AB389EBD-DE62-4107-BC39-11D7D1DF58B6}.Release|Any CPU.ActiveCfg = Release|Any CPU
		{AB389EBD-DE62-4107-BC39-11D7D1DF58B6}.Release|Any CPU.Build.0 = Release|Any CPU
	EndGlobalSection
	GlobalSection(SolutionProperties) = preSolution
		HideSolutionNode = FALSE
	EndGlobalSection
EndGlobal
